
Microsoft Visual Studio Solution File, Format Version 12.00
# Visual Studio Version 17
VisualStudioVersion = 17.4.33205.214
MinimumVisualStudioVersion = 10.0.40219.1
Project("{FAE04EC0-301F-11D3-BF4B-00C04F79EFBC}") = "WinFormsApp2", "WinFormsApp2\WinFormsApp2.csproj", "{A70A5847-1936-47FE-B86B-932A959FA246}"
EndProject
Global
	GlobalSection(SolutionConfigurationPlatforms) = preSolution
		Debug|Any CPU = Debug|Any CPU
		Release|Any CPU = Release|Any CPU
	EndGlobalSection
	GlobalSection(ProjectConfigurationPlatforms) = postSolution
		{A70A5847-1936-47FE-B86B-932A959FA246}.Debug|Any CPU.ActiveCfg = Debug|Any CPU
		{A70A5847-1936-47FE-B86B-932A959FA246}.Debug|Any CPU.Build.0 = Debug|Any CPU
		{A70A5847-1936-47FE-B86B-932A959FA246}.Release|Any CPU.ActiveCfg = Release|Any CPU
		{A70A5847-1936-47FE-B86B-932A959FA246}.Release|Any CPU.Build.0 = Release|Any CPU
	EndGlobalSection
	GlobalSection(SolutionProperties) = preSolution
		HideSolutionNode = FALSE
	EndGlobalSection
	GlobalSection(ExtensibilityGlobals) = postSolution
		SolutionGuid = {5AD49956-E120-4FE8-A7CF-506B288DA568}
	EndGlobalSection
EndGlobal
